{
  "name": "json-csv-convertor",
  "version": "1.0.4",
  "lockfileVersion": 1,
  "requires": true,
  "dependencies": {
    "replaceall-shim": {
      "version": "1.0.1",
      "resolved": "https://registry.npmjs.org/replaceall-shim/-/replaceall-shim-1.0.1.tgz",
      "integrity": "sha512-16C9p9UKqWZXU3x36QBwIau6RAUdiZLDAUtWUnacLYwa6B5Qbay+9dFUtWXYHWODa0wz4n3wpoPB+E404QfliA=="
    }
  }
}
